// !$*UTF8*$!
{
	archiveVersion = 1;
	classes = {
	};
	objectVersion = 50;
	objects = {

/* Begin PBXBuildFile section */
		270E75B725DEF21200F92FAC /* ANTLRGen.sh in Resources */ = {isa = PBXBuildFile; fileRef = 270E75B625DEF21200F92FAC /* ANTLRGen.sh */; };
		270E75C125DEF2EA00F92FAC /* Poly.g4 in Resources */ = {isa = PBXBuildFile; fileRef = 270E75C025DEF2EA00F92FAC /* Poly.g4 */; };
		273F43B425E05E5600DC1404 /* ContextExtensions.swift in Sources */ = {isa = PBXBuildFile; fileRef = 273F43B325E05E5600DC1404 /* ContextExtensions.swift */; };
		273F43BC25E061A800DC1404 /* PolynomialExpr.swift in Sources */ = {isa = PBXBuildFile; fileRef = 273F43BB25E061A800DC1404 /* PolynomialExpr.swift */; };
		2754287F25E1911E00F21873 /* ParsingTests.swift in Sources */ = {isa = PBXBuildFile; fileRef = 2754287E25E1911E00F21873 /* ParsingTests.swift */; };
		2754288725E1914800F21873 /* PolyParse.swift in Sources */ = {isa = PBXBuildFile; fileRef = 2754288625E1914800F21873 /* PolyParse.swift */; };
		2773669825DEFED1005F8B25 /* PolyParser.swift in Sources */ = {isa = PBXBuildFile; fileRef = 2773669225DEFED1005F8B25 /* PolyParser.swift */; };
		2773669925DEFED1005F8B25 /* PolyListener.swift in Sources */ = {isa = PBXBuildFile; fileRef = 2773669325DEFED1005F8B25 /* PolyListener.swift */; };
		2773669A25DEFED1005F8B25 /* PolyLexer.swift in Sources */ = {isa = PBXBuildFile; fileRef = 2773669425DEFED1005F8B25 /* PolyLexer.swift */; };
		2773669B25DEFED1005F8B25 /* PolyLexerATN.swift in Sources */ = {isa = PBXBuildFile; fileRef = 2773669525DEFED1005F8B25 /* PolyLexerATN.swift */; };
		2773669C25DEFED1005F8B25 /* PolyParserATN.swift in Sources */ = {isa = PBXBuildFile; fileRef = 2773669625DEFED1005F8B25 /* PolyParserATN.swift */; };
		2773669D25DEFED1005F8B25 /* PolyBaseListener.swift in Sources */ = {isa = PBXBuildFile; fileRef = 2773669725DEFED1005F8B25 /* PolyBaseListener.swift */; };
		277366A925DEFF4A005F8B25 /* Antlr4.framework in Frameworks */ = {isa = PBXBuildFile; fileRef = 27DDA00625DEA67500640738 /* Antlr4.framework */; settings = {ATTRIBUTES = (Required, ); }; };
		277366E425DF18A9005F8B25 /* MyPolyListener.swift in Sources */ = {isa = PBXBuildFile; fileRef = 277366E325DF18A9005F8B25 /* MyPolyListener.swift */; };
		279736B525DFF74C0011D7C8 /* MyErrorListener.swift in Sources */ = {isa = PBXBuildFile; fileRef = 279736B425DFF74C0011D7C8 /* MyErrorListener.swift */; };
		279736D725E024CC0011D7C8 /* PolynomialTerm.swift in Sources */ = {isa = PBXBuildFile; fileRef = 279736D625E024CC0011D7C8 /* PolynomialTerm.swift */; };
		27DD9FD025DEA65700640738 /* AppDelegate.swift in Sources */ = {isa = PBXBuildFile; fileRef = 27DD9FCF25DEA65700640738 /* AppDelegate.swift */; };
		27DD9FD225DEA65700640738 /* ViewController.swift in Sources */ = {isa = PBXBuildFile; fileRef = 27DD9FD125DEA65700640738 /* ViewController.swift */; };
		27DD9FD425DEA65700640738 /* Assets.xcassets in Resources */ = {isa = PBXBuildFile; fileRef = 27DD9FD325DEA65700640738 /* Assets.xcassets */; };
		27DD9FD725DEA65700640738 /* Main.storyboard in Resources */ = {isa = PBXBuildFile; fileRef = 27DD9FD525DEA65700640738 /* Main.storyboard */; };
		27DD9FE325DEA65800640738 /* PolynomialOperatorTests.swift in Sources */ = {isa = PBXBuildFile; fileRef = 27DD9FE225DEA65800640738 /* PolynomialOperatorTests.swift */; };
		27DD9FEE25DEA65800640738 /* PolynomialUITests.swift in Sources */ = {isa = PBXBuildFile; fileRef = 27DD9FED25DEA65800640738 /* PolynomialUITests.swift */; };
/* End PBXBuildFile section */

/* Begin PBXContainerItemProxy section */
		277366C825DF16DA005F8B25 /* PBXContainerItemProxy */ = {
			isa = PBXContainerItemProxy;
			containerPortal = 27DD9FFE25DEA67500640738 /* Antlr4.xcodeproj */;
			proxyType = 1;
			remoteGlobalIDString = "Antlr4::Antlr4";
			remoteInfo = Antlr4;
		};
		27DD9FDF25DEA65800640738 /* PBXContainerItemProxy */ = {
			isa = PBXContainerItemProxy;
			containerPortal = 27DD9FC425DEA65700640738 /* Project object */;
			proxyType = 1;
			remoteGlobalIDString = 27DD9FCB25DEA65700640738;
			remoteInfo = Polynomial;
		};
		27DD9FEA25DEA65800640738 /* PBXContainerItemProxy */ = {
			isa = PBXContainerItemProxy;
			containerPortal = 27DD9FC425DEA65700640738 /* Project object */;
			proxyType = 1;
			remoteGlobalIDString = 27DD9FCB25DEA65700640738;
			remoteInfo = Polynomial;
		};
		27DDA00525DEA67500640738 /* PBXContainerItemProxy */ = {
			isa = PBXContainerItemProxy;
			containerPortal = 27DD9FFE25DEA67500640738 /* Antlr4.xcodeproj */;
			proxyType = 2;
			remoteGlobalIDString = "Antlr4::Antlr4::Product";
			remoteInfo = Antlr4;
		};
		27DDA00725DEA67500640738 /* PBXContainerItemProxy */ = {
			isa = PBXContainerItemProxy;
			containerPortal = 27DD9FFE25DEA67500640738 /* Antlr4.xcodeproj */;
			proxyType = 2;
			remoteGlobalIDString = "Antlr4::Antlr4Tests::Product";
			remoteInfo = Antlr4Tests;
		};
/* End PBXContainerItemProxy section */

/* Begin PBXFileReference section */
		270E75B625DEF21200F92FAC /* ANTLRGen.sh */ = {isa = PBXFileReference; fileEncoding = 4; lastKnownFileType = text.script.sh; path = ANTLRGen.sh; sourceTree = "<group>"; };
		270E75C025DEF2EA00F92FAC /* Poly.g4 */ = {isa = PBXFileReference; fileEncoding = 4; lastKnownFileType = text; path = Poly.g4; sourceTree = "<group>"; };
		273F43B325E05E5600DC1404 /* ContextExtensions.swift */ = {isa = PBXFileReference; lastKnownFileType = sourcecode.swift; path = ContextExtensions.swift; sourceTree = "<group>"; };
		273F43BB25E061A800DC1404 /* PolynomialExpr.swift */ = {isa = PBXFileReference; lastKnownFileType = sourcecode.swift; path = PolynomialExpr.swift; sourceTree = "<group>"; };
		2754287E25E1911E00F21873 /* ParsingTests.swift */ = {isa = PBXFileReference; lastKnownFileType = sourcecode.swift; path = ParsingTests.swift; sourceTree = "<group>"; };
		2754288625E1914800F21873 /* PolyParse.swift */ = {isa = PBXFileReference; lastKnownFileType = sourcecode.swift; path = PolyParse.swift; sourceTree = "<group>"; };
		2773669225DEFED1005F8B25 /* PolyParser.swift */ = {isa = PBXFileReference; lastKnownFileType = sourcecode.swift; path = PolyParser.swift; sourceTree = "<group>"; };
		2773669325DEFED1005F8B25 /* PolyListener.swift */ = {isa = PBXFileReference; lastKnownFileType = sourcecode.swift; path = PolyListener.swift; sourceTree = "<group>"; };
		2773669425DEFED1005F8B25 /* PolyLexer.swift */ = {isa = PBXFileReference; lastKnownFileType = sourcecode.swift; path = PolyLexer.swift; sourceTree = "<group>"; };
		2773669525DEFED1005F8B25 /* PolyLexerATN.swift */ = {isa = PBXFileReference; lastKnownFileType = sourcecode.swift; path = PolyLexerATN.swift; sourceTree = "<group>"; };
		2773669625DEFED1005F8B25 /* PolyParserATN.swift */ = {isa = PBXFileReference; lastKnownFileType = sourcecode.swift; path = PolyParserATN.swift; sourceTree = "<group>"; };
		2773669725DEFED1005F8B25 /* PolyBaseListener.swift */ = {isa = PBXFileReference; lastKnownFileType = sourcecode.swift; path = PolyBaseListener.swift; sourceTree = "<group>"; };
		277366E325DF18A9005F8B25 /* MyPolyListener.swift */ = {isa = PBXFileReference; lastKnownFileType = sourcecode.swift; path = MyPolyListener.swift; sourceTree = "<group>"; };
		279736B425DFF74C0011D7C8 /* MyErrorListener.swift */ = {isa = PBXFileReference; lastKnownFileType = sourcecode.swift; path = MyErrorListener.swift; sourceTree = "<group>"; };
		279736D625E024CC0011D7C8 /* PolynomialTerm.swift */ = {isa = PBXFileReference; lastKnownFileType = sourcecode.swift; path = PolynomialTerm.swift; sourceTree = "<group>"; };
		27DD9FCC25DEA65700640738 /* Polynomial.app */ = {isa = PBXFileReference; explicitFileType = wrapper.application; includeInIndex = 0; path = Polynomial.app; sourceTree = BUILT_PRODUCTS_DIR; };
		27DD9FCF25DEA65700640738 /* AppDelegate.swift */ = {isa = PBXFileReference; lastKnownFileType = sourcecode.swift; path = AppDelegate.swift; sourceTree = "<group>"; };
		27DD9FD125DEA65700640738 /* ViewController.swift */ = {isa = PBXFileReference; lastKnownFileType = sourcecode.swift; path = ViewController.swift; sourceTree = "<group>"; };
		27DD9FD325DEA65700640738 /* Assets.xcassets */ = {isa = PBXFileReference; lastKnownFileType = folder.assetcatalog; path = Assets.xcassets; sourceTree = "<group>"; };
		27DD9FD625DEA65700640738 /* Base */ = {isa = PBXFileReference; lastKnownFileType = file.storyboard; name = Base; path = Base.lproj/Main.storyboard; sourceTree = "<group>"; };
		27DD9FD825DEA65700640738 /* Info.plist */ = {isa = PBXFileReference; lastKnownFileType = text.plist.xml; path = Info.plist; sourceTree = "<group>"; };
		27DD9FD925DEA65700640738 /* Polynomial.entitlements */ = {isa = PBXFileReference; lastKnownFileType = text.plist.entitlements; path = Polynomial.entitlements; sourceTree = "<group>"; };
		27DD9FDE25DEA65800640738 /* PolynomialTests.xctest */ = {isa = PBXFileReference; explicitFileType = wrapper.cfbundle; includeInIndex = 0; path = PolynomialTests.xctest; sourceTree = BUILT_PRODUCTS_DIR; };
		27DD9FE225DEA65800640738 /* PolynomialOperatorTests.swift */ = {isa = PBXFileReference; lastKnownFileType = sourcecode.swift; path = PolynomialOperatorTests.swift; sourceTree = "<group>"; };
		27DD9FE425DEA65800640738 /* Info.plist */ = {isa = PBXFileReference; lastKnownFileType = text.plist.xml; path = Info.plist; sourceTree = "<group>"; };
		27DD9FE925DEA65800640738 /* PolynomialUITests.xctest */ = {isa = PBXFileReference; explicitFileType = wrapper.cfbundle; includeInIndex = 0; path = PolynomialUITests.xctest; sourceTree = BUILT_PRODUCTS_DIR; };
		27DD9FED25DEA65800640738 /* PolynomialUITests.swift */ = {isa = PBXFileReference; lastKnownFileType = sourcecode.swift; path = PolynomialUITests.swift; sourceTree = "<group>"; };
		27DD9FEF25DEA65800640738 /* Info.plist */ = {isa = PBXFileReference; lastKnownFileType = text.plist.xml; path = Info.plist; sourceTree = "<group>"; };
		27DD9FFE25DEA67500640738 /* Antlr4.xcodeproj */ = {isa = PBXFileReference; lastKnownFileType = "wrapper.pb-project"; name = Antlr4.xcodeproj; path = ../../Swift/antlr4/runtime/Swift/Antlr4.xcodeproj; sourceTree = "<group>"; };
/* End PBXFileReference section */

/* Begin PBXFrameworksBuildPhase section */
		27DD9FC925DEA65700640738 /* Frameworks */ = {
			isa = PBXFrameworksBuildPhase;
			buildActionMask = 2147483647;
			files = (
				277366A925DEFF4A005F8B25 /* Antlr4.framework in Frameworks */,
			);
			runOnlyForDeploymentPostprocessing = 0;
		};
		27DD9FDB25DEA65800640738 /* Frameworks */ = {
			isa = PBXFrameworksBuildPhase;
			buildActionMask = 2147483647;
			files = (
			);
			runOnlyForDeploymentPostprocessing = 0;
		};
		27DD9FE625DEA65800640738 /* Frameworks */ = {
			isa = PBXFrameworksBuildPhase;
			buildActionMask = 2147483647;
			files = (
			);
			runOnlyForDeploymentPostprocessing = 0;
		};
/* End PBXFrameworksBuildPhase section */

/* Begin PBXGroup section */
		270E75B125DEF18800F92FAC /* BuildScripts */ = {
			isa = PBXGroup;
			children = (
				270E75B625DEF21200F92FAC /* ANTLRGen.sh */,
			);
			path = BuildScripts;
			sourceTree = "<group>";
		};
		270E75BF25DEF2D700F92FAC /* ANTLR */ = {
			isa = PBXGroup;
			children = (
				270E75C025DEF2EA00F92FAC /* Poly.g4 */,
			);
			path = ANTLR;
			sourceTree = "<group>";
		};
		277366A125DEFEE0005F8B25 /* ANTLRGenSwift */ = {
			isa = PBXGroup;
			children = (
				2773669725DEFED1005F8B25 /* PolyBaseListener.swift */,
				2773669425DEFED1005F8B25 /* PolyLexer.swift */,
				2773669525DEFED1005F8B25 /* PolyLexerATN.swift */,
				2773669325DEFED1005F8B25 /* PolyListener.swift */,
				2773669225DEFED1005F8B25 /* PolyParser.swift */,
				2773669625DEFED1005F8B25 /* PolyParserATN.swift */,
			);
			path = ANTLRGenSwift;
			sourceTree = "<group>";
		};
		277366A825DEFF4A005F8B25 /* Frameworks */ = {
			isa = PBXGroup;
			children = (
			);
			name = Frameworks;
			sourceTree = "<group>";
		};
		27DD9FC325DEA65700640738 = {
			isa = PBXGroup;
			children = (
				27DD9FFE25DEA67500640738 /* Antlr4.xcodeproj */,
				27DD9FCE25DEA65700640738 /* Polynomial */,
				27DD9FE125DEA65800640738 /* PolynomialTests */,
				27DD9FEC25DEA65800640738 /* PolynomialUITests */,
				27DD9FCD25DEA65700640738 /* Products */,
				277366A825DEFF4A005F8B25 /* Frameworks */,
			);
			sourceTree = "<group>";
		};
		27DD9FCD25DEA65700640738 /* Products */ = {
			isa = PBXGroup;
			children = (
				27DD9FCC25DEA65700640738 /* Polynomial.app */,
				27DD9FDE25DEA65800640738 /* PolynomialTests.xctest */,
				27DD9FE925DEA65800640738 /* PolynomialUITests.xctest */,
			);
			name = Products;
			sourceTree = "<group>";
		};
		27DD9FCE25DEA65700640738 /* Polynomial */ = {
			isa = PBXGroup;
			children = (
				277366A125DEFEE0005F8B25 /* ANTLRGenSwift */,
				270E75BF25DEF2D700F92FAC /* ANTLR */,
				270E75B125DEF18800F92FAC /* BuildScripts */,
				27DD9FCF25DEA65700640738 /* AppDelegate.swift */,
				27DD9FD125DEA65700640738 /* ViewController.swift */,
				277366E325DF18A9005F8B25 /* MyPolyListener.swift */,
				273F43B325E05E5600DC1404 /* ContextExtensions.swift */,
				273F43BB25E061A800DC1404 /* PolynomialExpr.swift */,
				279736D625E024CC0011D7C8 /* PolynomialTerm.swift */,
				279736B425DFF74C0011D7C8 /* MyErrorListener.swift */,
				27DD9FD325DEA65700640738 /* Assets.xcassets */,
				27DD9FD525DEA65700640738 /* Main.storyboard */,
				27DD9FD825DEA65700640738 /* Info.plist */,
				27DD9FD925DEA65700640738 /* Polynomial.entitlements */,
				2754288625E1914800F21873 /* PolyParse.swift */,
			);
			path = Polynomial;
			sourceTree = "<group>";
		};
		27DD9FE125DEA65800640738 /* PolynomialTests */ = {
			isa = PBXGroup;
			children = (
				27DD9FE225DEA65800640738 /* PolynomialOperatorTests.swift */,
				2754287E25E1911E00F21873 /* ParsingTests.swift */,
				27DD9FE425DEA65800640738 /* Info.plist */,
			);
			path = PolynomialTests;
			sourceTree = "<group>";
		};
		27DD9FEC25DEA65800640738 /* PolynomialUITests */ = {
			isa = PBXGroup;
			children = (
				27DD9FED25DEA65800640738 /* PolynomialUITests.swift */,
				27DD9FEF25DEA65800640738 /* Info.plist */,
			);
			path = PolynomialUITests;
			sourceTree = "<group>";
		};
		27DD9FFF25DEA67500640738 /* Products */ = {
			isa = PBXGroup;
			children = (
				27DDA00625DEA67500640738 /* Antlr4.framework */,
				27DDA00825DEA67500640738 /* Antlr4Tests.xctest */,
			);
			name = Products;
			sourceTree = "<group>";
		};
/* End PBXGroup section */

/* Begin PBXNativeTarget section */
		27DD9FCB25DEA65700640738 /* Polynomial */ = {
			isa = PBXNativeTarget;
			buildConfigurationList = 27DD9FF225DEA65800640738 /* Build configuration list for PBXNativeTarget "Polynomial" */;
			buildPhases = (
				270E75C525DEF34B00F92FAC /* ShellScript */,
				27DD9FC825DEA65700640738 /* Sources */,
				27DD9FC925DEA65700640738 /* Frameworks */,
				27DD9FCA25DEA65700640738 /* Resources */,
			);
			buildRules = (
			);
			dependencies = (
				277366C925DF16DA005F8B25 /* PBXTargetDependency */,
			);
			name = Polynomial;
			productName = Polynomial;
			productReference = 27DD9FCC25DEA65700640738 /* Polynomial.app */;
			productType = "com.apple.product-type.application";
		};
		27DD9FDD25DEA65800640738 /* PolynomialTests */ = {
			isa = PBXNativeTarget;
			buildConfigurationList = 27DD9FF525DEA65800640738 /* Build configuration list for PBXNativeTarget "PolynomialTests" */;
			buildPhases = (
				27DD9FDA25DEA65800640738 /* Sources */,
				27DD9FDB25DEA65800640738 /* Frameworks */,
				27DD9FDC25DEA65800640738 /* Resources */,
			);
			buildRules = (
			);
			dependencies = (
				27DD9FE025DEA65800640738 /* PBXTargetDependency */,
			);
			name = PolynomialTests;
			productName = PolynomialTests;
			productReference = 27DD9FDE25DEA65800640738 /* PolynomialTests.xctest */;
			productType = "com.apple.product-type.bundle.unit-test";
		};
		27DD9FE825DEA65800640738 /* PolynomialUITests */ = {
			isa = PBXNativeTarget;
			buildConfigurationList = 27DD9FF825DEA65800640738 /* Build configuration list for PBXNativeTarget "PolynomialUITests" */;
			buildPhases = (
				27DD9FE525DEA65800640738 /* Sources */,
				27DD9FE625DEA65800640738 /* Frameworks */,
				27DD9FE725DEA65800640738 /* Resources */,
			);
			buildRules = (
			);
			dependencies = (
				27DD9FEB25DEA65800640738 /* PBXTargetDependency */,
			);
			name = PolynomialUITests;
			productName = PolynomialUITests;
			productReference = 27DD9FE925DEA65800640738 /* PolynomialUITests.xctest */;
			productType = "com.apple.product-type.bundle.ui-testing";
		};
/* End PBXNativeTarget section */

/* Begin PBXProject section */
		27DD9FC425DEA65700640738 /* Project object */ = {
			isa = PBXProject;
			attributes = {
				LastSwiftUpdateCheck = 1240;
				LastUpgradeCheck = 1240;
				TargetAttributes = {
					27DD9FCB25DEA65700640738 = {
						CreatedOnToolsVersion = 12.4;
					};
					27DD9FDD25DEA65800640738 = {
						CreatedOnToolsVersion = 12.4;
						TestTargetID = 27DD9FCB25DEA65700640738;
					};
					27DD9FE825DEA65800640738 = {
						CreatedOnToolsVersion = 12.4;
						TestTargetID = 27DD9FCB25DEA65700640738;
					};
				};
			};
			buildConfigurationList = 27DD9FC725DEA65700640738 /* Build configuration list for PBXProject "Polynomial" */;
			compatibilityVersion = "Xcode 9.3";
			developmentRegion = en;
			hasScannedForEncodings = 0;
			knownRegions = (
				en,
				Base,
			);
			mainGroup = 27DD9FC325DEA65700640738;
			productRefGroup = 27DD9FCD25DEA65700640738 /* Products */;
			projectDirPath = "";
			projectReferences = (
				{
					ProductGroup = 27DD9FFF25DEA67500640738 /* Products */;
					ProjectRef = 27DD9FFE25DEA67500640738 /* Antlr4.xcodeproj */;
				},
			);
			projectRoot = "";
			targets = (
				27DD9FCB25DEA65700640738 /* Polynomial */,
				27DD9FDD25DEA65800640738 /* PolynomialTests */,
				27DD9FE825DEA65800640738 /* PolynomialUITests */,
			);
		};
/* End PBXProject section */

/* Begin PBXReferenceProxy section */
		27DDA00625DEA67500640738 /* Antlr4.framework */ = {
			isa = PBXReferenceProxy;
			fileType = wrapper.framework;
			path = Antlr4.framework;
			remoteRef = 27DDA00525DEA67500640738 /* PBXContainerItemProxy */;
			sourceTree = BUILT_PRODUCTS_DIR;
		};
		27DDA00825DEA67500640738 /* Antlr4Tests.xctest */ = {
			isa = PBXReferenceProxy;
			fileType = file;
			path = Antlr4Tests.xctest;
			remoteRef = 27DDA00725DEA67500640738 /* PBXContainerItemProxy */;
			sourceTree = BUILT_PRODUCTS_DIR;
		};
/* End PBXReferenceProxy section */

/* Begin PBXResourcesBuildPhase section */
		27DD9FCA25DEA65700640738 /* Resources */ = {
			isa = PBXResourcesBuildPhase;
			buildActionMask = 2147483647;
			files = (
				270E75C125DEF2EA00F92FAC /* Poly.g4 in Resources */,
				27DD9FD425DEA65700640738 /* Assets.xcassets in Resources */,
				27DD9FD725DEA65700640738 /* Main.storyboard in Resources */,
				270E75B725DEF21200F92FAC /* ANTLRGen.sh in Resources */,
			);
			runOnlyForDeploymentPostprocessing = 0;
		};
		27DD9FDC25DEA65800640738 /* Resources */ = {
			isa = PBXResourcesBuildPhase;
			buildActionMask = 2147483647;
			files = (
			);
			runOnlyForDeploymentPostprocessing = 0;
		};
		27DD9FE725DEA65800640738 /* Resources */ = {
			isa = PBXResourcesBuildPhase;
			buildActionMask = 2147483647;
			files = (
			);
			runOnlyForDeploymentPostprocessing = 0;
		};
/* End PBXResourcesBuildPhase section */

/* Begin PBXShellScriptBuildPhase section */
		270E75C525DEF34B00F92FAC /* ShellScript */ = {
			isa = PBXShellScriptBuildPhase;
			buildActionMask = 2147483647;
			files = (
			);
			inputFileListPaths = (
			);
			inputPaths = (
				"$(SRCROOT)/Polynomial/ANTLR/Poly.g4",
			);
			outputFileListPaths = (
			);
			outputPaths = (
				"$(SRCROOT)/Polynomial/ANTLRGenSwift/Poly.tokens",
			);
			runOnlyForDeploymentPostprocessing = 0;
			shellPath = /bin/sh;
			shellScript = "/Users/mike/calculus/Polynomial/Polynomial/BuildScripts/ANTLRGen.sh\n";
			showEnvVarsInLog = 0;
		};
/* End PBXShellScriptBuildPhase section */

/* Begin PBXSourcesBuildPhase section */
		27DD9FC825DEA65700640738 /* Sources */ = {
			isa = PBXSourcesBuildPhase;
			buildActionMask = 2147483647;
			files = (
				2773669825DEFED1005F8B25 /* PolyParser.swift in Sources */,
				2773669925DEFED1005F8B25 /* PolyListener.swift in Sources */,
				2773669A25DEFED1005F8B25 /* PolyLexer.swift in Sources */,
				277366E425DF18A9005F8B25 /* MyPolyListener.swift in Sources */,
				2773669B25DEFED1005F8B25 /* PolyLexerATN.swift in Sources */,
				279736D725E024CC0011D7C8 /* PolynomialTerm.swift in Sources */,
				2773669C25DEFED1005F8B25 /* PolyParserATN.swift in Sources */,
				273F43B425E05E5600DC1404 /* ContextExtensions.swift in Sources */,
				2773669D25DEFED1005F8B25 /* PolyBaseListener.swift in Sources */,
				27DD9FD225DEA65700640738 /* ViewController.swift in Sources */,
				279736B525DFF74C0011D7C8 /* MyErrorListener.swift in Sources */,
				2754288725E1914800F21873 /* PolyParse.swift in Sources */,
				273F43BC25E061A800DC1404 /* PolynomialExpr.swift in Sources */,
				27DD9FD025DEA65700640738 /* AppDelegate.swift in Sources */,
			);
			runOnlyForDeploymentPostprocessing = 0;
		};
		27DD9FDA25DEA65800640738 /* Sources */ = {
			isa = PBXSourcesBuildPhase;
			buildActionMask = 2147483647;
			files = (
				2754287F25E1911E00F21873 /* ParsingTests.swift in Sources */,
				27DD9FE325DEA65800640738 /* PolynomialOperatorTests.swift in Sources */,
			);
			runOnlyForDeploymentPostprocessing = 0;
		};
		27DD9FE525DEA65800640738 /* Sources */ = {
			isa = PBXSourcesBuildPhase;
			buildActionMask = 2147483647;
			files = (
				27DD9FEE25DEA65800640738 /* PolynomialUITests.swift in Sources */,
			);
			runOnlyForDeploymentPostprocessing = 0;
		};
/* End PBXSourcesBuildPhase section */

/* Begin PBXTargetDependency section */
		277366C925DF16DA005F8B25 /* PBXTargetDependency */ = {
			isa = PBXTargetDependency;
			name = Antlr4;
			targetProxy = 277366C825DF16DA005F8B25 /* PBXContainerItemProxy */;
		};
		27DD9FE025DEA65800640738 /* PBXTargetDependency */ = {
			isa = PBXTargetDependency;
			target = 27DD9FCB25DEA65700640738 /* Polynomial */;
			targetProxy = 27DD9FDF25DEA65800640738 /* PBXContainerItemProxy */;
		};
		27DD9FEB25DEA65800640738 /* PBXTargetDependency */ = {
			isa = PBXTargetDependency;
			target = 27DD9FCB25DEA65700640738 /* Polynomial */;
			targetProxy = 27DD9FEA25DEA65800640738 /* PBXContainerItemProxy */;
		};
/* End PBXTargetDependency section */

/* Begin PBXVariantGroup section */
		27DD9FD525DEA65700640738 /* Main.storyboard */ = {
			isa = PBXVariantGroup;
			children = (
				27DD9FD625DEA65700640738 /* Base */,
			);
			name = Main.storyboard;
			sourceTree = "<group>";
		};
/* End PBXVariantGroup section */

/* Begin XCBuildConfiguration section */
		27DD9FF025DEA65800640738 /* Debug */ = {
			isa = XCBuildConfiguration;
			buildSettings = {
				ALWAYS_SEARCH_USER_PATHS = NO;
				CLANG_ANALYZER_NONNULL = YES;
				CLANG_ANALYZER_NUMBER_OBJECT_CONVERSION = YES_AGGRESSIVE;
				CLANG_CXX_LANGUAGE_STANDARD = "gnu++14";
				CLANG_CXX_LIBRARY = "libc++";
				CLANG_ENABLE_MODULES = YES;
				CLANG_ENABLE_OBJC_ARC = YES;
				CLANG_ENABLE_OBJC_WEAK = YES;
				CLANG_WARN_BLOCK_CAPTURE_AUTORELEASING = YES;
				CLANG_WARN_BOOL_CONVERSION = YES;
				CLANG_WARN_COMMA = YES;
				CLANG_WARN_CONSTANT_CONVERSION = YES;
				CLANG_WARN_DEPRECATED_OBJC_IMPLEMENTATIONS = YES;
				CLANG_WARN_DIRECT_OBJC_ISA_USAGE = YES_ERROR;
				CLANG_WARN_DOCUMENTATION_COMMENTS = YES;
				CLANG_WARN_EMPTY_BODY = YES;
				CLANG_WARN_ENUM_CONVERSION = YES;
				CLANG_WARN_INFINITE_RECURSION = YES;
				CLANG_WARN_INT_CONVERSION = YES;
				CLANG_WARN_NON_LITERAL_NULL_CONVERSION = YES;
				CLANG_WARN_OBJC_IMPLICIT_RETAIN_SELF = YES;
				CLANG_WARN_OBJC_LITERAL_CONVERSION = YES;
				CLANG_WARN_OBJC_ROOT_CLASS = YES_ERROR;
				CLANG_WARN_QUOTED_INCLUDE_IN_FRAMEWORK_HEADER = YES;
				CLANG_WARN_RANGE_LOOP_ANALYSIS = YES;
				CLANG_WARN_STRICT_PROTOTYPES = YES;
				CLANG_WARN_SUSPICIOUS_MOVE = YES;
				CLANG_WARN_UNGUARDED_AVAILABILITY = YES_AGGRESSIVE;
				CLANG_WARN_UNREACHABLE_CODE = YES;
				CLANG_WARN__DUPLICATE_METHOD_MATCH = YES;
				COPY_PHASE_STRIP = NO;
				DEBUG_INFORMATION_FORMAT = dwarf;
				ENABLE_STRICT_OBJC_MSGSEND = YES;
				ENABLE_TESTABILITY = YES;
				GCC_C_LANGUAGE_STANDARD = gnu11;
				GCC_DYNAMIC_NO_PIC = NO;
				GCC_NO_COMMON_BLOCKS = YES;
				GCC_OPTIMIZATION_LEVEL = 0;
				GCC_PREPROCESSOR_DEFINITIONS = (
					"DEBUG=1",
					"$(inherited)",
				);
				GCC_WARN_64_TO_32_BIT_CONVERSION = YES;
				GCC_WARN_ABOUT_RETURN_TYPE = YES_ERROR;
				GCC_WARN_UNDECLARED_SELECTOR = YES;
				GCC_WARN_UNINITIALIZED_AUTOS = YES_AGGRESSIVE;
				GCC_WARN_UNUSED_FUNCTION = YES;
				GCC_WARN_UNUSED_VARIABLE = YES;
				MACOSX_DEPLOYMENT_TARGET = 11.1;
				MTL_ENABLE_DEBUG_INFO = INCLUDE_SOURCE;
				MTL_FAST_MATH = YES;
				ONLY_ACTIVE_ARCH = YES;
				SDKROOT = macosx;
				SWIFT_ACTIVE_COMPILATION_CONDITIONS = DEBUG;
				SWIFT_OPTIMIZATION_LEVEL = "-Onone";
			};
			name = Debug;
		};
		27DD9FF125DEA65800640738 /* Release */ = {
			isa = XCBuildConfiguration;
			buildSettings = {
				ALWAYS_SEARCH_USER_PATHS = NO;
				CLANG_ANALYZER_NONNULL = YES;
				CLANG_ANALYZER_NUMBER_OBJECT_CONVERSION = YES_AGGRESSIVE;
				CLANG_CXX_LANGUAGE_STANDARD = "gnu++14";
				CLANG_CXX_LIBRARY = "libc++";
				CLANG_ENABLE_MODULES = YES;
				CLANG_ENABLE_OBJC_ARC = YES;
				CLANG_ENABLE_OBJC_WEAK = YES;
				CLANG_WARN_BLOCK_CAPTURE_AUTORELEASING = YES;
				CLANG_WARN_BOOL_CONVERSION = YES;
				CLANG_WARN_COMMA = YES;
				CLANG_WARN_CONSTANT_CONVERSION = YES;
				CLANG_WARN_DEPRECATED_OBJC_IMPLEMENTATIONS = YES;
				CLANG_WARN_DIRECT_OBJC_ISA_USAGE = YES_ERROR;
				CLANG_WARN_DOCUMENTATION_COMMENTS = YES;
				CLANG_WARN_EMPTY_BODY = YES;
				CLANG_WARN_ENUM_CONVERSION = YES;
				CLANG_WARN_INFINITE_RECURSION = YES;
				CLANG_WARN_INT_CONVERSION = YES;
				CLANG_WARN_NON_LITERAL_NULL_CONVERSION = YES;
				CLANG_WARN_OBJC_IMPLICIT_RETAIN_SELF = YES;
				CLANG_WARN_OBJC_LITERAL_CONVERSION = YES;
				CLANG_WARN_OBJC_ROOT_CLASS = YES_ERROR;
				CLANG_WARN_QUOTED_INCLUDE_IN_FRAMEWORK_HEADER = YES;
				CLANG_WARN_RANGE_LOOP_ANALYSIS = YES;
				CLANG_WARN_STRICT_PROTOTYPES = YES;
				CLANG_WARN_SUSPICIOUS_MOVE = YES;
				CLANG_WARN_UNGUARDED_AVAILABILITY = YES_AGGRESSIVE;
				CLANG_WARN_UNREACHABLE_CODE = YES;
				CLANG_WARN__DUPLICATE_METHOD_MATCH = YES;
				COPY_PHASE_STRIP = NO;
				DEBUG_INFORMATION_FORMAT = "dwarf-with-dsym";
				ENABLE_NS_ASSERTIONS = NO;
				ENABLE_STRICT_OBJC_MSGSEND = YES;
				GCC_C_LANGUAGE_STANDARD = gnu11;
				GCC_NO_COMMON_BLOCKS = YES;
				GCC_WARN_64_TO_32_BIT_CONVERSION = YES;
				GCC_WARN_ABOUT_RETURN_TYPE = YES_ERROR;
				GCC_WARN_UNDECLARED_SELECTOR = YES;
				GCC_WARN_UNINITIALIZED_AUTOS = YES_AGGRESSIVE;
				GCC_WARN_UNUSED_FUNCTION = YES;
				GCC_WARN_UNUSED_VARIABLE = YES;
				MACOSX_DEPLOYMENT_TARGET = 11.1;
				MTL_ENABLE_DEBUG_INFO = NO;
				MTL_FAST_MATH = YES;
				SDKROOT = macosx;
				SWIFT_COMPILATION_MODE = wholemodule;
				SWIFT_OPTIMIZATION_LEVEL = "-O";
			};
			name = Release;
		};
		27DD9FF325DEA65800640738 /* Debug */ = {
			isa = XCBuildConfiguration;
			buildSettings = {
				ASSETCATALOG_COMPILER_APPICON_NAME = AppIcon;
				ASSETCATALOG_COMPILER_GLOBAL_ACCENT_COLOR_NAME = AccentColor;
				CODE_SIGN_ENTITLEMENTS = Polynomial/Polynomial.entitlements;
				CODE_SIGN_STYLE = Automatic;
				COMBINE_HIDPI_IMAGES = YES;
				DEVELOPMENT_TEAM = V4JGHQ2JFJ;
				ENABLE_HARDENED_RUNTIME = YES;
				INFOPLIST_FILE = Polynomial/Info.plist;
				LD_RUNPATH_SEARCH_PATHS = (
					"$(inherited)",
					"@executable_path/../Frameworks",
				);
				PRODUCT_BUNDLE_IDENTIFIER = com.mikecargal.Polynomial;
				PRODUCT_NAME = "$(TARGET_NAME)";
				SWIFT_VERSION = 5.0;
			};
			name = Debug;
		};
		27DD9FF425DEA65800640738 /* Release */ = {
			isa = XCBuildConfiguration;
			buildSettings = {
				ASSETCATALOG_COMPILER_APPICON_NAME = AppIcon;
				ASSETCATALOG_COMPILER_GLOBAL_ACCENT_COLOR_NAME = AccentColor;
				CODE_SIGN_ENTITLEMENTS = Polynomial/Polynomial.entitlements;
				CODE_SIGN_STYLE = Automatic;
				COMBINE_HIDPI_IMAGES = YES;
				DEVELOPMENT_TEAM = V4JGHQ2JFJ;
				ENABLE_HARDENED_RUNTIME = YES;
				INFOPLIST_FILE = Polynomial/Info.plist;
				LD_RUNPATH_SEARCH_PATHS = (
					"$(inherited)",
					"@executable_path/../Frameworks",
				);
				PRODUCT_BUNDLE_IDENTIFIER = com.mikecargal.Polynomial;
				PRODUCT_NAME = "$(TARGET_NAME)";
				SWIFT_VERSION = 5.0;
			};
			name = Release;
		};
		27DD9FF625DEA65800640738 /* Debug */ = {
			isa = XCBuildConfiguration;
			buildSettings = {
				ALWAYS_EMBED_SWIFT_STANDARD_LIBRARIES = YES;
				BUNDLE_LOADER = "$(TEST_HOST)";
				CODE_SIGN_STYLE = Automatic;
				COMBINE_HIDPI_IMAGES = YES;
				DEVELOPMENT_TEAM = V4JGHQ2JFJ;
				INFOPLIST_FILE = PolynomialTests/Info.plist;
				LD_RUNPATH_SEARCH_PATHS = (
					"$(inherited)",
					"@executable_path/../Frameworks",
					"@loader_path/../Frameworks",
				);
				MACOSX_DEPLOYMENT_TARGET = 11.1;
				PRODUCT_BUNDLE_IDENTIFIER = com.mikecargal.PolynomialTests;
				PRODUCT_NAME = "$(TARGET_NAME)";
				SWIFT_VERSION = 5.0;
				TEST_HOST = "$(BUILT_PRODUCTS_DIR)/Polynomial.app/Contents/MacOS/Polynomial";
			};
			name = Debug;
		};
		27DD9FF725DEA65800640738 /* Release */ = {
			isa = XCBuildConfiguration;
			buildSettings = {
				ALWAYS_EMBED_SWIFT_STANDARD_LIBRARIES = YES;
				BUNDLE_LOADER = "$(TEST_HOST)";
				CODE_SIGN_STYLE = Automatic;
				COMBINE_HIDPI_IMAGES = YES;
				DEVELOPMENT_TEAM = V4JGHQ2JFJ;
				INFOPLIST_FILE = PolynomialTests/Info.plist;
				LD_RUNPATH_SEARCH_PATHS = (
					"$(inherited)",
					"@executable_path/../Frameworks",
					"@loader_path/../Frameworks",
				);
				MACOSX_DEPLOYMENT_TARGET = 11.1;
				PRODUCT_BUNDLE_IDENTIFIER = com.mikecargal.PolynomialTests;
				PRODUCT_NAME = "$(TARGET_NAME)";
				SWIFT_VERSION = 5.0;
				TEST_HOST = "$(BUILT_PRODUCTS_DIR)/Polynomial.app/Contents/MacOS/Polynomial";
			};
			name = Release;
		};
		27DD9FF925DEA65800640738 /* Debug */ = {
			isa = XCBuildConfiguration;
			buildSettings = {
				ALWAYS_EMBED_SWIFT_STANDARD_LIBRARIES = YES;
				CODE_SIGN_STYLE = Automatic;
				COMBINE_HIDPI_IMAGES = YES;
				DEVELOPMENT_TEAM = V4JGHQ2JFJ;
				INFOPLIST_FILE = PolynomialUITests/Info.plist;
				LD_RUNPATH_SEARCH_PATHS = (
					"$(inherited)",
					"@executable_path/../Frameworks",
					"@loader_path/../Frameworks",
				);
				PRODUCT_BUNDLE_IDENTIFIER = com.mikecargal.PolynomialUITests;
				PRODUCT_NAME = "$(TARGET_NAME)";
				SWIFT_VERSION = 5.0;
				TEST_TARGET_NAME = Polynomial;
			};
			name = Debug;
		};
		27DD9FFA25DEA65800640738 /* Release */ = {
			isa = XCBuildConfiguration;
			buildSettings = {
				ALWAYS_EMBED_SWIFT_STANDARD_LIBRARIES = YES;
				CODE_SIGN_STYLE = Automatic;
				COMBINE_HIDPI_IMAGES = YES;
				DEVELOPMENT_TEAM = V4JGHQ2JFJ;
				INFOPLIST_FILE = PolynomialUITests/Info.plist;
				LD_RUNPATH_SEARCH_PATHS = (
					"$(inherited)",
					"@executable_path/../Frameworks",
					"@loader_path/../Frameworks",
				);
				PRODUCT_BUNDLE_IDENTIFIER = com.mikecargal.PolynomialUITests;
				PRODUCT_NAME = "$(TARGET_NAME)";
				SWIFT_VERSION = 5.0;
				TEST_TARGET_NAME = Polynomial;
			};
			name = Release;
		};
/* End XCBuildConfiguration section */

/* Begin XCConfigurationList section */
		27DD9FC725DEA65700640738 /* Build configuration list for PBXProject "Polynomial" */ = {
			isa = XCConfigurationList;
			buildConfigurations = (
				27DD9FF025DEA65800640738 /* Debug */,
				27DD9FF125DEA65800640738 /* Release */,
			);
			defaultConfigurationIsVisible = 0;
			defaultConfigurationName = Release;
		};
		27DD9FF225DEA65800640738 /* Build configuration list for PBXNativeTarget "Polynomial" */ = {
			isa = XCConfigurationList;
			buildConfigurations = (
				27DD9FF325DEA65800640738 /* Debug */,
				27DD9FF425DEA65800640738 /* Release */,
			);
			defaultConfigurationIsVisible = 0;
			defaultConfigurationName = Release;
		};
		27DD9FF525DEA65800640738 /* Build configuration list for PBXNativeTarget "PolynomialTests" */ = {
			isa = XCConfigurationList;
			buildConfigurations = (
				27DD9FF625DEA65800640738 /* Debug */,
				27DD9FF725DEA65800640738 /* Release */,
			);
			defaultConfigurationIsVisible = 0;
			defaultConfigurationName = Release;
		};
		27DD9FF825DEA65800640738 /* Build configuration list for PBXNativeTarget "PolynomialUITests" */ = {
			isa = XCConfigurationList;
			buildConfigurations = (
				27DD9FF925DEA65800640738 /* Debug */,
				27DD9FFA25DEA65800640738 /* Release */,
			);
			defaultConfigurationIsVisible = 0;
			defaultConfigurationName = Release;
		};
/* End XCConfigurationList section */
	};
	rootObject = 27DD9FC425DEA65700640738 /* Project object */;
}
